
Microsoft Visual Studio Solution File, Format Version 12.00
# Visual Studio Version 17
VisualStudioVersion = 17.11.35327.3
MinimumVisualStudioVersion = 10.0.40219.1
Project("{FAE04EC0-301F-11D3-BF4B-00C04F79EFBC}") = "CRUDOperations", "CRUDOperations.csproj", "{304B7B26-6EE0-4143-B9D4-37F3F58899B6}"
EndProject
Global
	GlobalSection(SolutionConfigurationPlatforms) = preSolution
		Debug|Any CPU = Debug|Any CPU
		Release|Any CPU = Release|Any CPU
	EndGlobalSection
	GlobalSection(ProjectConfigurationPlatforms) = postSolution
		{304B7B26-6EE0-4143-B9D4-37F3F58899B6}.Debug|Any CPU.ActiveCfg = Debug|Any CPU
		{304B7B26-6EE0-4143-B9D4-37F3F58899B6}.Debug|Any CPU.Build.0 = Debug|Any CPU
		{304B7B26-6EE0-4143-B9D4-37F3F58899B6}.Release|Any CPU.ActiveCfg = Release|Any CPU
		{304B7B26-6EE0-4143-B9D4-37F3F58899B6}.Release|Any CPU.Build.0 = Release|Any CPU
	EndGlobalSection
	GlobalSection(SolutionProperties) = preSolution
		HideSolutionNode = FALSE
	EndGlobalSection
	GlobalSection(ExtensibilityGlobals) = postSolution
		SolutionGuid = {03885DFB-EC2C-4162-820D-F5C02E9E04BA}
	EndGlobalSection
EndGlobal
